
Microsoft Visual Studio Solution File, Format Version 12.00
# Visual Studio Version 16
VisualStudioVersion = 16.0.29326.143
MinimumVisualStudioVersion = 10.0.40219.1
Project("{9A19103F-16F7-4668-BE54-9A1E7A4F7556}") = "Homework_Strings_Methods", "Homework_Strings_Methods\Homework_Strings_Methods.csproj", "{DBC66A2E-E378-46D5-9548-D0C0943EFE63}"
EndProject
Project("{FAE04EC0-301F-11D3-BF4B-00C04F79EFBC}") = "Task 2", "Task 2\Task 2.csproj", "{E3B2AFAB-48D7-4FB4-AF80-F88E4F3816BC}"
EndProject
Global
	GlobalSection(SolutionConfigurationPlatforms) = preSolution
		Debug|Any CPU = Debug|Any CPU
		Release|Any CPU = Release|Any CPU
	EndGlobalSection
	GlobalSection(ProjectConfigurationPlatforms) = postSolution
		{DBC66A2E-E378-46D5-9548-D0C0943EFE63}.Debug|Any CPU.ActiveCfg = Debug|Any CPU
		{DBC66A2E-E378-46D5-9548-D0C0943EFE63}.Debug|Any CPU.Build.0 = Debug|Any CPU
		{DBC66A2E-E378-46D5-9548-D0C0943EFE63}.Release|Any CPU.ActiveCfg = Release|Any CPU
		{DBC66A2E-E378-46D5-9548-D0C0943EFE63}.Release|Any CPU.Build.0 = Release|Any CPU
		{E3B2AFAB-48D7-4FB4-AF80-F88E4F3816BC}.Debug|Any CPU.ActiveCfg = Debug|Any CPU
		{E3B2AFAB-48D7-4FB4-AF80-F88E4F3816BC}.Debug|Any CPU.Build.0 = Debug|Any CPU
		{E3B2AFAB-48D7-4FB4-AF80-F88E4F3816BC}.Release|Any CPU.ActiveCfg = Release|Any CPU
		{E3B2AFAB-48D7-4FB4-AF80-F88E4F3816BC}.Release|Any CPU.Build.0 = Release|Any CPU
	EndGlobalSection
	GlobalSection(SolutionProperties) = preSolution
		HideSolutionNode = FALSE
	EndGlobalSection
	GlobalSection(ExtensibilityGlobals) = postSolution
		SolutionGuid = {AD8E1600-7377-4691-98EB-C29EAFE7F26C}
	EndGlobalSection
EndGlobal
